
Microsoft Visual Studio Solution File, Format Version 12.00
# Visual Studio 15
VisualStudioVersion = 15.0.26730.10
MinimumVisualStudioVersion = 10.0.40219.1
Project("{FAE04EC0-301F-11D3-BF4B-00C04F79EFBC}") = "XamarinTPContact.Android", "XamarinTPContact\XamarinTPContact.Android\XamarinTPContact.Android.csproj", "{F27E000C-6BA5-4E84-A7DB-7E5CAB1C00AC}"
EndProject
Project("{FAE04EC0-301F-11D3-BF4B-00C04F79EFBC}") = "XamarinTPContact", "XamarinTPContact\XamarinTPContact\XamarinTPContact.csproj", "{94479B53-DCAF-4EC8-B040-4CA5DDD6EE8B}"
EndProject
Project("{FAE04EC0-301F-11D3-BF4B-00C04F79EFBC}") = "XamarinTPContact.UWP", "XamarinTPContact\XamarinTPContact.UWP\XamarinTPContact.UWP.csproj", "{50DC21ED-0041-4887-B0B7-DE34C290E053}"
EndProject
Project("{FAE04EC0-301F-11D3-BF4B-00C04F79EFBC}") = "XamarinTPContact.iOS", "XamarinTPContact\XamarinTPContact.iOS\XamarinTPContact.iOS.csproj", "{2C3C6622-3146-4BA1-82DF-186813BCD01B}"
EndProject
Global
	GlobalSection(SolutionConfigurationPlatforms) = preSolution
		Ad-Hoc|Any CPU = Ad-Hoc|Any CPU
		Ad-Hoc|ARM = Ad-Hoc|ARM
		Ad-Hoc|iPhone = Ad-Hoc|iPhone
		Ad-Hoc|iPhoneSimulator = Ad-Hoc|iPhoneSimulator
		Ad-Hoc|x64 = Ad-Hoc|x64
		Ad-Hoc|x86 = Ad-Hoc|x86
		AppStore|Any CPU = AppStore|Any CPU
		AppStore|ARM = AppStore|ARM
		AppStore|iPhone = AppStore|iPhone
		AppStore|iPhoneSimulator = AppStore|iPhoneSimulator
		AppStore|x64 = AppStore|x64
		AppStore|x86 = AppStore|x86
		Debug|Any CPU = Debug|Any CPU
		Debug|ARM = Debug|ARM
		Debug|iPhone = Debug|iPhone
		Debug|iPhoneSimulator = Debug|iPhoneSimulator
		Debug|x64 = Debug|x64
		Debug|x86 = Debug|x86
		Release|Any CPU = Release|Any CPU
		Release|ARM = Release|ARM
		Release|iPhone = Release|iPhone
		Release|iPhoneSimulator = Release|iPhoneSimulator
		Release|x64 = Release|x64
		Release|x86 = Release|x86
	EndGlobalSection
	GlobalSection(ProjectConfigurationPlatforms) = postSolution
		{F27E000C-6BA5-4E84-A7DB-7E5CAB1C00AC}.Ad-Hoc|Any CPU.ActiveCfg = Release|Any CPU
		{F27E000C-6BA5-4E84-A7DB-7E5CAB1C00AC}.Ad-Hoc|Any CPU.Build.0 = Release|Any CPU
		{F27E000C-6BA5-4E84-A7DB-7E5CAB1C00AC}.Ad-Hoc|Any CPU.Deploy.0 = Release|Any CPU
		{F27E000C-6BA5-4E84-A7DB-7E5CAB1C00AC}.Ad-Hoc|ARM.ActiveCfg = Release|Any CPU
		{F27E000C-6BA5-4E84-A7DB-7E5CAB1C00AC}.Ad-Hoc|ARM.Build.0 = Release|Any CPU
		{F27E000C-6BA5-4E84-A7DB-7E5CAB1C00AC}.Ad-Hoc|ARM.Deploy.0 = Release|Any CPU
		{F27E000C-6BA5-4E84-A7DB-7E5CAB1C00AC}.Ad-Hoc|iPhone.ActiveCfg = Release|Any CPU
		{F27E000C-6BA5-4E84-A7DB-7E5CAB1C00AC}.Ad-Hoc|iPhone.Build.0 = Release|Any CPU
		{F27E000C-6BA5-4E84-A7DB-7E5CAB1C00AC}.Ad-Hoc|iPhone.Deploy.0 = Release|Any CPU
		{F27E000C-6BA5-4E84-A7DB-7E5CAB1C00AC}.Ad-Hoc|iPhoneSimulator.ActiveCfg = Release|Any CPU
		{F27E000C-6BA5-4E84-A7DB-7E5CAB1C00AC}.Ad-Hoc|iPhoneSimulator.Build.0 = Release|Any CPU
		{F27E000C-6BA5-4E84-A7DB-7E5CAB1C00AC}.Ad-Hoc|iPhoneSimulator.Deploy.0 = Release|Any CPU
		{F27E000C-6BA5-4E84-A7DB-7E5CAB1C00AC}.Ad-Hoc|x64.ActiveCfg = Release|Any CPU
		{F27E000C-6BA5-4E84-A7DB-7E5CAB1C00AC}.Ad-Hoc|x64.Build.0 = Release|Any CPU
		{F27E000C-6BA5-4E84-A7DB-7E5CAB1C00AC}.Ad-Hoc|x64.Deploy.0 = Release|Any CPU
		{F27E000C-6BA5-4E84-A7DB-7E5CAB1C00AC}.Ad-Hoc|x86.ActiveCfg = Release|Any CPU
		{F27E000C-6BA5-4E84-A7DB-7E5CAB1C00AC}.Ad-Hoc|x86.Build.0 = Release|Any CPU
		{F27E000C-6BA5-4E84-A7DB-7E5CAB1C00AC}.Ad-Hoc|x86.Deploy.0 = Release|Any CPU
		{F27E000C-6BA5-4E84-A7DB-7E5CAB1C00AC}.AppStore|Any CPU.ActiveCfg = Release|Any CPU
		{F27E000C-6BA5-4E84-A7DB-7E5CAB1C00AC}.AppStore|Any CPU.Build.0 = Release|Any CPU
		{F27E000C-6BA5-4E84-A7DB-7E5CAB1C00AC}.AppStore|Any CPU.Deploy.0 = Release|Any CPU
		{F27E000C-6BA5-4E84-A7DB-7E5CAB1C00AC}.AppStore|ARM.ActiveCfg = Release|Any CPU
		{F27E000C-6BA5-4E84-A7DB-7E5CAB1C00AC}.AppStore|ARM.Build.0 = Release|Any CPU
		{F27E000C-6BA5-4E84-A7DB-7E5CAB1C00AC}.AppStore|ARM.Deploy.0 = Release|Any CPU
		{F27E000C-6BA5-4E84-A7DB-7E5CAB1C00AC}.AppStore|iPhone.ActiveCfg = Release|Any CPU
		{F27E000C-6BA5-4E84-A7DB-7E5CAB1C00AC}.AppStore|iPhone.Build.0 = Release|Any CPU
		{F27E000C-6BA5-4E84-A7DB-7E5CAB1C00AC}.AppStore|iPhone.Deploy.0 = Release|Any CPU
		{F27E000C-6BA5-4E84-A7DB-7E5CAB1C00AC}.AppStore|iPhoneSimulator.ActiveCfg = Release|Any CPU
		{F27E000C-6BA5-4E84-A7DB-7E5CAB1C00AC}.AppStore|iPhoneSimulator.Build.0 = Release|Any CPU
		{F27E000C-6BA5-4E84-A7DB-7E5CAB1C00AC}.AppStore|iPhoneSimulator.Deploy.0 = Release|Any CPU
		{F27E000C-6BA5-4E84-A7DB-7E5CAB1C00AC}.AppStore|x64.ActiveCfg = Release|Any CPU
		{F27E000C-6BA5-4E84-A7DB-7E5CAB1C00AC}.AppStore|x64.Build.0 = Release|Any CPU
		{F27E000C-6BA5-4E84-A7DB-7E5CAB1C00AC}.AppStore|x64.Deploy.0 = Release|Any CPU
		{F27E000C-6BA5-4E84-A7DB-7E5CAB1C00AC}.AppStore|x86.ActiveCfg = Release|Any CPU
		{F27E000C-6BA5-4E84-A7DB-7E5CAB1C00AC}.AppStore|x86.Build.0 = Release|Any CPU
		{F27E000C-6BA5-4E84-A7DB-7E5CAB1C00AC}.AppStore|x86.Deploy.0 = Release|Any CPU
		{F27E000C-6BA5-4E84-A7DB-7E5CAB1C00AC}.Debug|Any CPU.ActiveCfg = Debug|Any CPU
		{F27E000C-6BA5-4E84-A7DB-7E5CAB1C00AC}.Debug|Any CPU.Build.0 = Debug|Any CPU
		{F27E000C-6BA5-4E84-A7DB-7E5CAB1C00AC}.Debug|Any CPU.Deploy.0 = Debug|Any CPU
		{F27E000C-6BA5-4E84-A7DB-7E5CAB1C00AC}.Debug|ARM.ActiveCfg = Debug|Any CPU
		{F27E000C-6BA5-4E84-A7DB-7E5CAB1C00AC}.Debug|ARM.Build.0 = Debug|Any CPU
		{F27E000C-6BA5-4E84-A7DB-7E5CAB1C00AC}.Debug|ARM.Deploy.0 = Debug|Any CPU
		{F27E000C-6BA5-4E84-A7DB-7E5CAB1C00AC}.Debug|iPhone.ActiveCfg = Debug|Any CPU
		{F27E000C-6BA5-4E84-A7DB-7E5CAB1C00AC}.Debug|iPhone.Build.0 = Debug|Any CPU
		{F27E000C-6BA5-4E84-A7DB-7E5CAB1C00AC}.Debug|iPhone.Deploy.0 = Debug|Any CPU
		{F27E000C-6BA5-4E84-A7DB-7E5CAB1C00AC}.Debug|iPhoneSimulator.ActiveCfg = Debug|Any CPU
		{F27E000C-6BA5-4E84-A7DB-7E5CAB1C00AC}.Debug|iPhoneSimulator.Build.0 = Debug|Any CPU
		{F27E000C-6BA5-4E84-A7DB-7E5CAB1C00AC}.Debug|iPhoneSimulator.Deploy.0 = Debug|Any CPU
		{F27E000C-6BA5-4E84-A7DB-7E5CAB1C00AC}.Debug|x64.ActiveCfg = Debug|Any CPU
		{F27E000C-6BA5-4E84-A7DB-7E5CAB1C00AC}.Debug|x64.Build.0 = Debug|Any CPU
		{F27E000C-6BA5-4E84-A7DB-7E5CAB1C00AC}.Debug|x64.Deploy.0 = Debug|Any CPU
		{F27E000C-6BA5-4E84-A7DB-7E5CAB1C00AC}.Debug|x86.ActiveCfg = Debug|Any CPU
		{F27E000C-6BA5-4E84-A7DB-7E5CAB1C00AC}.Debug|x86.Build.0 = Debug|Any CPU
		{F27E000C-6BA5-4E84-A7DB-7E5CAB1C00AC}.Debug|x86.Deploy.0 = Debug|Any CPU
		{F27E000C-6BA5-4E84-A7DB-7E5CAB1C00AC}.Release|Any CPU.ActiveCfg = Release|Any CPU
		{F27E000C-6BA5-4E84-A7DB-7E5CAB1C00AC}.Release|Any CPU.Build.0 = Release|Any CPU
		{F27E000C-6BA5-4E84-A7DB-7E5CAB1C00AC}.Release|Any CPU.Deploy.0 = Release|Any CPU
		{F27E000C-6BA5-4E84-A7DB-7E5CAB1C00AC}.Release|ARM.ActiveCfg = Release|Any CPU
		{F27E000C-6BA5-4E84-A7DB-7E5CAB1C00AC}.Release|ARM.Build.0 = Release|Any CPU
		{F27E000C-6BA5-4E84-A7DB-7E5CAB1C00AC}.Release|ARM.Deploy.0 = Release|Any CPU
		{F27E000C-6BA5-4E84-A7DB-7E5CAB1C00AC}.Release|iPhone.ActiveCfg = Release|Any CPU
		{F27E000C-6BA5-4E84-A7DB-7E5CAB1C00AC}.Release|iPhone.Build.0 = Release|Any CPU
		{F27E000C-6BA5-4E84-A7DB-7E5CAB1C00AC}.Release|iPhone.Deploy.0 = Release|Any CPU
		{F27E000C-6BA5-4E84-A7DB-7E5CAB1C00AC}.Release|iPhoneSimulator.ActiveCfg = Release|Any CPU
		{F27E000C-6BA5-4E84-A7DB-7E5CAB1C00AC}.Release|iPhoneSimulator.Build.0 = Release|Any CPU
		{F27E000C-6BA5-4E84-A7DB-7E5CAB1C00AC}.Release|iPhoneSimulator.Deploy.0 = Release|Any CPU
		{F27E000C-6BA5-4E84-A7DB-7E5CAB1C00AC}.Release|x64.ActiveCfg = Release|Any CPU
		{F27E000C-6BA5-4E84-A7DB-7E5CAB1C00AC}.Release|x64.Build.0 = Release|Any CPU
		{F27E000C-6BA5-4E84-A7DB-7E5CAB1C00AC}.Release|x64.Deploy.0 = Release|Any CPU
		{F27E000C-6BA5-4E84-A7DB-7E5CAB1C00AC}.Release|x86.ActiveCfg = Release|Any CPU
		{F27E000C-6BA5-4E84-A7DB-7E5CAB1C00AC}.Release|x86.Build.0 = Release|Any CPU
		{F27E000C-6BA5-4E84-A7DB-7E5CAB1C00AC}.Release|x86.Deploy.0 = Release|Any CPU
		{94479B53-DCAF-4EC8-B040-4CA5DDD6EE8B}.Ad-Hoc|Any CPU.ActiveCfg = Release|Any CPU
		{94479B53-DCAF-4EC8-B040-4CA5DDD6EE8B}.Ad-Hoc|Any CPU.Build.0 = Release|Any CPU
		{94479B53-DCAF-4EC8-B040-4CA5DDD6EE8B}.Ad-Hoc|ARM.ActiveCfg = Release|Any CPU
		{94479B53-DCAF-4EC8-B040-4CA5DDD6EE8B}.Ad-Hoc|ARM.Build.0 = Release|Any CPU
		{94479B53-DCAF-4EC8-B040-4CA5DDD6EE8B}.Ad-Hoc|iPhone.ActiveCfg = Release|Any CPU
		{94479B53-DCAF-4EC8-B040-4CA5DDD6EE8B}.Ad-Hoc|iPhone.Build.0 = Release|Any CPU
		{94479B53-DCAF-4EC8-B040-4CA5DDD6EE8B}.Ad-Hoc|iPhoneSimulator.ActiveCfg = Release|Any CPU
		{94479B53-DCAF-4EC8-B040-4CA5DDD6EE8B}.Ad-Hoc|iPhoneSimulator.Build.0 = Release|Any CPU
		{94479B53-DCAF-4EC8-B040-4CA5DDD6EE8B}.Ad-Hoc|x64.ActiveCfg = Release|Any CPU
		{94479B53-DCAF-4EC8-B040-4CA5DDD6EE8B}.Ad-Hoc|x64.Build.0 = Release|Any CPU
		{94479B53-DCAF-4EC8-B040-4CA5DDD6EE8B}.Ad-Hoc|x86.ActiveCfg = Release|Any CPU
		{94479B53-DCAF-4EC8-B040-4CA5DDD6EE8B}.Ad-Hoc|x86.Build.0 = Release|Any CPU
		{94479B53-DCAF-4EC8-B040-4CA5DDD6EE8B}.AppStore|Any CPU.ActiveCfg = Release|Any CPU
		{94479B53-DCAF-4EC8-B040-4CA5DDD6EE8B}.AppStore|Any CPU.Build.0 = Release|Any CPU
		{94479B53-DCAF-4EC8-B040-4CA5DDD6EE8B}.AppStore|ARM.ActiveCfg = Release|Any CPU
		{94479B53-DCAF-4EC8-B040-4CA5DDD6EE8B}.AppStore|ARM.Build.0 = Release|Any CPU
		{94479B53-DCAF-4EC8-B040-4CA5DDD6EE8B}.AppStore|iPhone.ActiveCfg = Release|Any CPU
		{94479B53-DCAF-4EC8-B040-4CA5DDD6EE8B}.AppStore|iPhone.Build.0 = Release|Any CPU
		{94479B53-DCAF-4EC8-B040-4CA5DDD6EE8B}.AppStore|iPhoneSimulator.ActiveCfg = Release|Any CPU
		{94479B53-DCAF-4EC8-B040-4CA5DDD6EE8B}.AppStore|iPhoneSimulator.Build.0 = Release|Any CPU
		{94479B53-DCAF-4EC8-B040-4CA5DDD6EE8B}.AppStore|x64.ActiveCfg = Release|Any CPU
		{94479B53-DCAF-4EC8-B040-4CA5DDD6EE8B}.AppStore|x64.Build.0 = Release|Any CPU
		{94479B53-DCAF-4EC8-B040-4CA5DDD6EE8B}.AppStore|x86.ActiveCfg = Release|Any CPU
		{94479B53-DCAF-4EC8-B040-4CA5DDD6EE8B}.AppStore|x86.Build.0 = Release|Any CPU
		{94479B53-DCAF-4EC8-B040-4CA5DDD6EE8B}.Debug|Any CPU.ActiveCfg = Debug|Any CPU
		{94479B53-DCAF-4EC8-B040-4CA5DDD6EE8B}.Debug|Any CPU.Build.0 = Debug|Any CPU
		{94479B53-DCAF-4EC8-B040-4CA5DDD6EE8B}.Debug|ARM.ActiveCfg = Debug|Any CPU
		{94479B53-DCAF-4EC8-B040-4CA5DDD6EE8B}.Debug|ARM.Build.0 = Debug|Any CPU
		{94479B53-DCAF-4EC8-B040-4CA5DDD6EE8B}.Debug|iPhone.ActiveCfg = Debug|Any CPU
		{94479B53-DCAF-4EC8-B040-4CA5DDD6EE8B}.Debug|iPhone.Build.0 = Debug|Any CPU
		{94479B53-DCAF-4EC8-B040-4CA5DDD6EE8B}.Debug|iPhoneSimulator.ActiveCfg = Debug|Any CPU
		{94479B53-DCAF-4EC8-B040-4CA5DDD6EE8B}.Debug|iPhoneSimulator.Build.0 = Debug|Any CPU
		{94479B53-DCAF-4EC8-B040-4CA5DDD6EE8B}.Debug|x64.ActiveCfg = Debug|Any CPU
		{94479B53-DCAF-4EC8-B040-4CA5DDD6EE8B}.Debug|x64.Build.0 = Debug|Any CPU
		{94479B53-DCAF-4EC8-B040-4CA5DDD6EE8B}.Debug|x86.ActiveCfg = Debug|Any CPU
		{94479B53-DCAF-4EC8-B040-4CA5DDD6EE8B}.Debug|x86.Build.0 = Debug|Any CPU
		{94479B53-DCAF-4EC8-B040-4CA5DDD6EE8B}.Release|Any CPU.ActiveCfg = Release|Any CPU
		{94479B53-DCAF-4EC8-B040-4CA5DDD6EE8B}.Release|Any CPU.Build.0 = Release|Any CPU
		{94479B53-DCAF-4EC8-B040-4CA5DDD6EE8B}.Release|ARM.ActiveCfg = Release|Any CPU
		{94479B53-DCAF-4EC8-B040-4CA5DDD6EE8B}.Release|ARM.Build.0 = Release|Any CPU
		{94479B53-DCAF-4EC8-B040-4CA5DDD6EE8B}.Release|iPhone.ActiveCfg = Release|Any CPU
		{94479B53-DCAF-4EC8-B040-4CA5DDD6EE8B}.Release|iPhone.Build.0 = Release|Any CPU
		{94479B53-DCAF-4EC8-B040-4CA5DDD6EE8B}.Release|iPhoneSimulator.ActiveCfg = Release|Any CPU
		{94479B53-DCAF-4EC8-B040-4CA5DDD6EE8B}.Release|iPhoneSimulator.Build.0 = Release|Any CPU
		{94479B53-DCAF-4EC8-B040-4CA5DDD6EE8B}.Release|x64.ActiveCfg = Release|Any CPU
		{94479B53-DCAF-4EC8-B040-4CA5DDD6EE8B}.Release|x64.Build.0 = Release|Any CPU
		{94479B53-DCAF-4EC8-B040-4CA5DDD6EE8B}.Release|x86.ActiveCfg = Release|Any CPU
		{94479B53-DCAF-4EC8-B040-4CA5DDD6EE8B}.Release|x86.Build.0 = Release|Any CPU
		{50DC21ED-0041-4887-B0B7-DE34C290E053}.Ad-Hoc|Any CPU.ActiveCfg = Release|x86
		{50DC21ED-0041-4887-B0B7-DE34C290E053}.Ad-Hoc|Any CPU.Build.0 = Release|x86
		{50DC21ED-0041-4887-B0B7-DE34C290E053}.Ad-Hoc|Any CPU.Deploy.0 = Release|x86
		{50DC21ED-0041-4887-B0B7-DE34C290E053}.Ad-Hoc|ARM.ActiveCfg = Release|ARM
		{50DC21ED-0041-4887-B0B7-DE34C290E053}.Ad-Hoc|ARM.Build.0 = Release|ARM
		{50DC21ED-0041-4887-B0B7-DE34C290E053}.Ad-Hoc|ARM.Deploy.0 = Release|ARM
		{50DC21ED-0041-4887-B0B7-DE34C290E053}.Ad-Hoc|iPhone.ActiveCfg = Release|x86
		{50DC21ED-0041-4887-B0B7-DE34C290E053}.Ad-Hoc|iPhone.Build.0 = Release|x86
		{50DC21ED-0041-4887-B0B7-DE34C290E053}.Ad-Hoc|iPhone.Deploy.0 = Release|x86
		{50DC21ED-0041-4887-B0B7-DE34C290E053}.Ad-Hoc|iPhoneSimulator.ActiveCfg = Release|x86
		{50DC21ED-0041-4887-B0B7-DE34C290E053}.Ad-Hoc|iPhoneSimulator.Build.0 = Release|x86
		{50DC21ED-0041-4887-B0B7-DE34C290E053}.Ad-Hoc|iPhoneSimulator.Deploy.0 = Release|x86
		{50DC21ED-0041-4887-B0B7-DE34C290E053}.Ad-Hoc|x64.ActiveCfg = Release|x64
		{50DC21ED-0041-4887-B0B7-DE34C290E053}.Ad-Hoc|x64.Build.0 = Release|x64
		{50DC21ED-0041-4887-B0B7-DE34C290E053}.Ad-Hoc|x64.Deploy.0 = Release|x64
		{50DC21ED-0041-4887-B0B7-DE34C290E053}.Ad-Hoc|x86.ActiveCfg = Release|x86
		{50DC21ED-0041-4887-B0B7-DE34C290E053}.Ad-Hoc|x86.Build.0 = Release|x86
		{50DC21ED-0041-4887-B0B7-DE34C290E053}.Ad-Hoc|x86.Deploy.0 = Release|x86
		{50DC21ED-0041-4887-B0B7-DE34C290E053}.AppStore|Any CPU.ActiveCfg = Release|x86
		{50DC21ED-0041-4887-B0B7-DE34C290E053}.AppStore|Any CPU.Build.0 = Release|x86
		{50DC21ED-0041-4887-B0B7-DE34C290E053}.AppStore|Any CPU.Deploy.0 = Release|x86
		{50DC21ED-0041-4887-B0B7-DE34C290E053}.AppStore|ARM.ActiveCfg = Release|ARM
		{50DC21ED-0041-4887-B0B7-DE34C290E053}.AppStore|ARM.Build.0 = Release|ARM
		{50DC21ED-0041-4887-B0B7-DE34C290E053}.AppStore|ARM.Deploy.0 = Release|ARM
		{50DC21ED-0041-4887-B0B7-DE34C290E053}.AppStore|iPhone.ActiveCfg = Release|x86
		{50DC21ED-0041-4887-B0B7-DE34C290E053}.AppStore|iPhone.Build.0 = Release|x86
		{50DC21ED-0041-4887-B0B7-DE34C290E053}.AppStore|iPhone.Deploy.0 = Release|x86
		{50DC21ED-0041-4887-B0B7-DE34C290E053}.AppStore|iPhoneSimulator.ActiveCfg = Release|x86
		{50DC21ED-0041-4887-B0B7-DE34C290E053}.AppStore|iPhoneSimulator.Build.0 = Release|x86
		{50DC21ED-0041-4887-B0B7-DE34C290E053}.AppStore|iPhoneSimulator.Deploy.0 = Release|x86
		{50DC21ED-0041-4887-B0B7-DE34C290E053}.AppStore|x64.ActiveCfg = Release|x64
		{50DC21ED-0041-4887-B0B7-DE34C290E053}.AppStore|x64.Build.0 = Release|x64
		{50DC21ED-0041-4887-B0B7-DE34C290E053}.AppStore|x64.Deploy.0 = Release|x64
		{50DC21ED-0041-4887-B0B7-DE34C290E053}.AppStore|x86.ActiveCfg = Release|x86
		{50DC21ED-0041-4887-B0B7-DE34C290E053}.AppStore|x86.Build.0 = Release|x86
		{50DC21ED-0041-4887-B0B7-DE34C290E053}.AppStore|x86.Deploy.0 = Release|x86
		{50DC21ED-0041-4887-B0B7-DE34C290E053}.Debug|Any CPU.ActiveCfg = Debug|x86
		{50DC21ED-0041-4887-B0B7-DE34C290E053}.Debug|ARM.ActiveCfg = Debug|ARM
		{50DC21ED-0041-4887-B0B7-DE34C290E053}.Debug|ARM.Build.0 = Debug|ARM
		{50DC21ED-0041-4887-B0B7-DE34C290E053}.Debug|ARM.Deploy.0 = Debug|ARM
		{50DC21ED-0041-4887-B0B7-DE34C290E053}.Debug|iPhone.ActiveCfg = Debug|x86
		{50DC21ED-0041-4887-B0B7-DE34C290E053}.Debug|iPhoneSimulator.ActiveCfg = Debug|x86
		{50DC21ED-0041-4887-B0B7-DE34C290E053}.Debug|x64.ActiveCfg = Debug|x64
		{50DC21ED-0041-4887-B0B7-DE34C290E053}.Debug|x64.Build.0 = Debug|x64
		{50DC21ED-0041-4887-B0B7-DE34C290E053}.Debug|x64.Deploy.0 = Debug|x64
		{50DC21ED-0041-4887-B0B7-DE34C290E053}.Debug|x86.ActiveCfg = Debug|x86
		{50DC21ED-0041-4887-B0B7-DE34C290E053}.Debug|x86.Build.0 = Debug|x86
		{50DC21ED-0041-4887-B0B7-DE34C290E053}.Debug|x86.Deploy.0 = Debug|x86
		{50DC21ED-0041-4887-B0B7-DE34C290E053}.Release|Any CPU.ActiveCfg = Release|x86
		{50DC21ED-0041-4887-B0B7-DE34C290E053}.Release|ARM.ActiveCfg = Release|ARM
		{50DC21ED-0041-4887-B0B7-DE34C290E053}.Release|ARM.Build.0 = Release|ARM
		{50DC21ED-0041-4887-B0B7-DE34C290E053}.Release|ARM.Deploy.0 = Release|ARM
		{50DC21ED-0041-4887-B0B7-DE34C290E053}.Release|iPhone.ActiveCfg = Release|x86
		{50DC21ED-0041-4887-B0B7-DE34C290E053}.Release|iPhoneSimulator.ActiveCfg = Release|x86
		{50DC21ED-0041-4887-B0B7-DE34C290E053}.Release|x64.ActiveCfg = Release|x64
		{50DC21ED-0041-4887-B0B7-DE34C290E053}.Release|x64.Build.0 = Release|x64
		{50DC21ED-0041-4887-B0B7-DE34C290E053}.Release|x64.Deploy.0 = Release|x64
		{50DC21ED-0041-4887-B0B7-DE34C290E053}.Release|x86.ActiveCfg = Release|x86
		{50DC21ED-0041-4887-B0B7-DE34C290E053}.Release|x86.Build.0 = Release|x86
		{50DC21ED-0041-4887-B0B7-DE34C290E053}.Release|x86.Deploy.0 = Release|x86
		{2C3C6622-3146-4BA1-82DF-186813BCD01B}.Ad-Hoc|Any CPU.ActiveCfg = Ad-Hoc|iPhone
		{2C3C6622-3146-4BA1-82DF-186813BCD01B}.Ad-Hoc|ARM.ActiveCfg = Ad-Hoc|iPhone
		{2C3C6622-3146-4BA1-82DF-186813BCD01B}.Ad-Hoc|iPhone.ActiveCfg = Ad-Hoc|iPhone
		{2C3C6622-3146-4BA1-82DF-186813BCD01B}.Ad-Hoc|iPhone.Build.0 = Ad-Hoc|iPhone
		{2C3C6622-3146-4BA1-82DF-186813BCD01B}.Ad-Hoc|iPhoneSimulator.ActiveCfg = Ad-Hoc|iPhoneSimulator
		{2C3C6622-3146-4BA1-82DF-186813BCD01B}.Ad-Hoc|iPhoneSimulator.Build.0 = Ad-Hoc|iPhoneSimulator
		{2C3C6622-3146-4BA1-82DF-186813BCD01B}.Ad-Hoc|x64.ActiveCfg = Ad-Hoc|iPhone
		{2C3C6622-3146-4BA1-82DF-186813BCD01B}.Ad-Hoc|x86.ActiveCfg = Ad-Hoc|iPhone
		{2C3C6622-3146-4BA1-82DF-186813BCD01B}.AppStore|Any CPU.ActiveCfg = AppStore|iPhone
		{2C3C6622-3146-4BA1-82DF-186813BCD01B}.AppStore|ARM.ActiveCfg = AppStore|iPhone
		{2C3C6622-3146-4BA1-82DF-186813BCD01B}.AppStore|iPhone.ActiveCfg = AppStore|iPhone
		{2C3C6622-3146-4BA1-82DF-186813BCD01B}.AppStore|iPhone.Build.0 = AppStore|iPhone
		{2C3C6622-3146-4BA1-82DF-186813BCD01B}.AppStore|iPhoneSimulator.ActiveCfg = AppStore|iPhoneSimulator
		{2C3C6622-3146-4BA1-82DF-186813BCD01B}.AppStore|iPhoneSimulator.Build.0 = AppStore|iPhoneSimulator
		{2C3C6622-3146-4BA1-82DF-186813BCD01B}.AppStore|x64.ActiveCfg = AppStore|iPhone
		{2C3C6622-3146-4BA1-82DF-186813BCD01B}.AppStore|x86.ActiveCfg = AppStore|iPhone
		{2C3C6622-3146-4BA1-82DF-186813BCD01B}.Debug|Any CPU.ActiveCfg = Debug|iPhone
		{2C3C6622-3146-4BA1-82DF-186813BCD01B}.Debug|ARM.ActiveCfg = Debug|iPhone
		{2C3C6622-3146-4BA1-82DF-186813BCD01B}.Debug|iPhone.ActiveCfg = Debug|iPhone
		{2C3C6622-3146-4BA1-82DF-186813BCD01B}.Debug|iPhone.Build.0 = Debug|iPhone
		{2C3C6622-3146-4BA1-82DF-186813BCD01B}.Debug|iPhoneSimulator.ActiveCfg = Debug|iPhoneSimulator
		{2C3C6622-3146-4BA1-82DF-186813BCD01B}.Debug|iPhoneSimulator.Build.0 = Debug|iPhoneSimulator
		{2C3C6622-3146-4BA1-82DF-186813BCD01B}.Debug|x64.ActiveCfg = Debug|iPhone
		{2C3C6622-3146-4BA1-82DF-186813BCD01B}.Debug|x86.ActiveCfg = Debug|iPhone
		{2C3C6622-3146-4BA1-82DF-186813BCD01B}.Release|Any CPU.ActiveCfg = Release|iPhone
		{2C3C6622-3146-4BA1-82DF-186813BCD01B}.Release|ARM.ActiveCfg = Release|iPhone
		{2C3C6622-3146-4BA1-82DF-186813BCD01B}.Release|iPhone.ActiveCfg = Release|iPhone
		{2C3C6622-3146-4BA1-82DF-186813BCD01B}.Release|iPhone.Build.0 = Release|iPhone
		{2C3C6622-3146-4BA1-82DF-186813BCD01B}.Release|iPhoneSimulator.ActiveCfg = Release|iPhoneSimulator
		{2C3C6622-3146-4BA1-82DF-186813BCD01B}.Release|iPhoneSimulator.Build.0 = Release|iPhoneSimulator
		{2C3C6622-3146-4BA1-82DF-186813BCD01B}.Release|x64.ActiveCfg = Release|iPhone
		{2C3C6622-3146-4BA1-82DF-186813BCD01B}.Release|x86.ActiveCfg = Release|iPhone
	EndGlobalSection
	GlobalSection(SolutionProperties) = preSolution
		HideSolutionNode = FALSE
	EndGlobalSection
	GlobalSection(ExtensibilityGlobals) = postSolution
		SolutionGuid = {206A39A4-2162-4355-A41B-E56EA3D90636}
	EndGlobalSection
EndGlobal
